
Microsoft Visual Studio Solution File, Format Version 12.00
# Visual Studio Version 17
VisualStudioVersion = 17.0.31903.59
MinimumVisualStudioVersion = 10.0.40219.1
Project("{FAE04EC0-301F-11D3-BF4B-00C04F79EFBC}") = "QuickAcid.Examples", "QuickAcid.Examples\QuickAcid.Examples.csproj", "{122F8F6B-3BC6-49B6-850A-249248C74668}"
EndProject
Project("{FAE04EC0-301F-11D3-BF4B-00C04F79EFBC}") = "QuickAcid.Fluent", "QuickAcid.Fluent\QuickAcid.Fluent.csproj", "{41381753-71B7-4CAD-93AA-E64BD88EE1A5}"
EndProject
Project("{FAE04EC0-301F-11D3-BF4B-00C04F79EFBC}") = "QuickAcid.Fluent.Tests", "QuickAcid.Fluent.Tests\QuickAcid.Fluent.Tests.csproj", "{E46DE433-FBE1-4C91-8D55-16A21FBBD8C5}"
EndProject
Project("{FAE04EC0-301F-11D3-BF4B-00C04F79EFBC}") = "QuickAcid.Strike", "QuickAcid.Strike\QuickAcid.Strike.csproj", "{CCCB6C4F-87E0-48FA-B8BE-BD1949DDEFB6}"
EndProject
Project("{FAE04EC0-301F-11D3-BF4B-00C04F79EFBC}") = "QuickAcid.Strike.Tests", "QuickAcid.Strike.Tests\QuickAcid.Strike.Tests.csproj", "{A75A29B7-6D8B-4D3C-8AB1-1FE492DBEA57}"
EndProject
Project("{2150E333-8FDC-42A3-9474-1A3956D46DE8}") = "QuickAcid", "QuickAcid", "{B86C0B4A-B572-61F7-11A8-5CC2E7D499BE}"
EndProject
Project("{FAE04EC0-301F-11D3-BF4B-00C04F79EFBC}") = "QuickAcid", "QuickAcid\QuickAcid\QuickAcid.csproj", "{6E781306-9050-4301-8D63-1073A01027DD}"
EndProject
Project("{FAE04EC0-301F-11D3-BF4B-00C04F79EFBC}") = "QuickAcid.TestsDeposition", "QuickAcid\QuickAcid.TestsDeposition\QuickAcid.TestsDeposition.csproj", "{592CA71E-8FE8-497D-981D-64046B216068}"
EndProject
Project("{FAE04EC0-301F-11D3-BF4B-00C04F79EFBC}") = "QuickAcid.Mocha", "QuickAcid.Mocha\QuickAcid.Mocha.csproj", "{67A9EE83-C26B-4374-9B44-8B1C8F8A2A29}"
EndProject
Project("{FAE04EC0-301F-11D3-BF4B-00C04F79EFBC}") = "QuickAcid.Mocha.Tests", "QuickAcid.Mocha.Tests\QuickAcid.Mocha.Tests.csproj", "{362FAFF7-028F-43D1-AC65-3095D2B49550}"
EndProject
Project("{FAE04EC0-301F-11D3-BF4B-00C04F79EFBC}") = "QuickAcid.Tests", "QuickAcid\QuickAcid.Tests\QuickAcid.Tests.csproj", "{E33B7270-4B4C-4A83-9956-2A0428974D63}"
EndProject
Global
	GlobalSection(SolutionConfigurationPlatforms) = preSolution
		Debug|Any CPU = Debug|Any CPU
		Debug|x64 = Debug|x64
		Debug|x86 = Debug|x86
		Release|Any CPU = Release|Any CPU
		Release|x64 = Release|x64
		Release|x86 = Release|x86
	EndGlobalSection
	GlobalSection(ProjectConfigurationPlatforms) = postSolution
		{122F8F6B-3BC6-49B6-850A-249248C74668}.Debug|Any CPU.ActiveCfg = Debug|Any CPU
		{122F8F6B-3BC6-49B6-850A-249248C74668}.Debug|Any CPU.Build.0 = Debug|Any CPU
		{122F8F6B-3BC6-49B6-850A-249248C74668}.Debug|x64.ActiveCfg = Debug|Any CPU
		{122F8F6B-3BC6-49B6-850A-249248C74668}.Debug|x64.Build.0 = Debug|Any CPU
		{122F8F6B-3BC6-49B6-850A-249248C74668}.Debug|x86.ActiveCfg = Debug|Any CPU
		{122F8F6B-3BC6-49B6-850A-249248C74668}.Debug|x86.Build.0 = Debug|Any CPU
		{122F8F6B-3BC6-49B6-850A-249248C74668}.Release|Any CPU.ActiveCfg = Release|Any CPU
		{122F8F6B-3BC6-49B6-850A-249248C74668}.Release|Any CPU.Build.0 = Release|Any CPU
		{122F8F6B-3BC6-49B6-850A-249248C74668}.Release|x64.ActiveCfg = Release|Any CPU
		{122F8F6B-3BC6-49B6-850A-249248C74668}.Release|x64.Build.0 = Release|Any CPU
		{122F8F6B-3BC6-49B6-850A-249248C74668}.Release|x86.ActiveCfg = Release|Any CPU
		{122F8F6B-3BC6-49B6-850A-249248C74668}.Release|x86.Build.0 = Release|Any CPU
		{41381753-71B7-4CAD-93AA-E64BD88EE1A5}.Debug|Any CPU.ActiveCfg = Debug|Any CPU
		{41381753-71B7-4CAD-93AA-E64BD88EE1A5}.Debug|Any CPU.Build.0 = Debug|Any CPU
		{41381753-71B7-4CAD-93AA-E64BD88EE1A5}.Debug|x64.ActiveCfg = Debug|Any CPU
		{41381753-71B7-4CAD-93AA-E64BD88EE1A5}.Debug|x64.Build.0 = Debug|Any CPU
		{41381753-71B7-4CAD-93AA-E64BD88EE1A5}.Debug|x86.ActiveCfg = Debug|Any CPU
		{41381753-71B7-4CAD-93AA-E64BD88EE1A5}.Debug|x86.Build.0 = Debug|Any CPU
		{41381753-71B7-4CAD-93AA-E64BD88EE1A5}.Release|Any CPU.ActiveCfg = Release|Any CPU
		{41381753-71B7-4CAD-93AA-E64BD88EE1A5}.Release|Any CPU.Build.0 = Release|Any CPU
		{41381753-71B7-4CAD-93AA-E64BD88EE1A5}.Release|x64.ActiveCfg = Release|Any CPU
		{41381753-71B7-4CAD-93AA-E64BD88EE1A5}.Release|x64.Build.0 = Release|Any CPU
		{41381753-71B7-4CAD-93AA-E64BD88EE1A5}.Release|x86.ActiveCfg = Release|Any CPU
		{41381753-71B7-4CAD-93AA-E64BD88EE1A5}.Release|x86.Build.0 = Release|Any CPU
		{E46DE433-FBE1-4C91-8D55-16A21FBBD8C5}.Debug|Any CPU.ActiveCfg = Debug|Any CPU
		{E46DE433-FBE1-4C91-8D55-16A21FBBD8C5}.Debug|Any CPU.Build.0 = Debug|Any CPU
		{E46DE433-FBE1-4C91-8D55-16A21FBBD8C5}.Debug|x64.ActiveCfg = Debug|Any CPU
		{E46DE433-FBE1-4C91-8D55-16A21FBBD8C5}.Debug|x64.Build.0 = Debug|Any CPU
		{E46DE433-FBE1-4C91-8D55-16A21FBBD8C5}.Debug|x86.ActiveCfg = Debug|Any CPU
		{E46DE433-FBE1-4C91-8D55-16A21FBBD8C5}.Debug|x86.Build.0 = Debug|Any CPU
		{E46DE433-FBE1-4C91-8D55-16A21FBBD8C5}.Release|Any CPU.ActiveCfg = Release|Any CPU
		{E46DE433-FBE1-4C91-8D55-16A21FBBD8C5}.Release|Any CPU.Build.0 = Release|Any CPU
		{E46DE433-FBE1-4C91-8D55-16A21FBBD8C5}.Release|x64.ActiveCfg = Release|Any CPU
		{E46DE433-FBE1-4C91-8D55-16A21FBBD8C5}.Release|x64.Build.0 = Release|Any CPU
		{E46DE433-FBE1-4C91-8D55-16A21FBBD8C5}.Release|x86.ActiveCfg = Release|Any CPU
		{E46DE433-FBE1-4C91-8D55-16A21FBBD8C5}.Release|x86.Build.0 = Release|Any CPU
		{CCCB6C4F-87E0-48FA-B8BE-BD1949DDEFB6}.Debug|Any CPU.ActiveCfg = Debug|Any CPU
		{CCCB6C4F-87E0-48FA-B8BE-BD1949DDEFB6}.Debug|Any CPU.Build.0 = Debug|Any CPU
		{CCCB6C4F-87E0-48FA-B8BE-BD1949DDEFB6}.Debug|x64.ActiveCfg = Debug|Any CPU
		{CCCB6C4F-87E0-48FA-B8BE-BD1949DDEFB6}.Debug|x64.Build.0 = Debug|Any CPU
		{CCCB6C4F-87E0-48FA-B8BE-BD1949DDEFB6}.Debug|x86.ActiveCfg = Debug|Any CPU
		{CCCB6C4F-87E0-48FA-B8BE-BD1949DDEFB6}.Debug|x86.Build.0 = Debug|Any CPU
		{CCCB6C4F-87E0-48FA-B8BE-BD1949DDEFB6}.Release|Any CPU.ActiveCfg = Release|Any CPU
		{CCCB6C4F-87E0-48FA-B8BE-BD1949DDEFB6}.Release|Any CPU.Build.0 = Release|Any CPU
		{CCCB6C4F-87E0-48FA-B8BE-BD1949DDEFB6}.Release|x64.ActiveCfg = Release|Any CPU
		{CCCB6C4F-87E0-48FA-B8BE-BD1949DDEFB6}.Release|x64.Build.0 = Release|Any CPU
		{CCCB6C4F-87E0-48FA-B8BE-BD1949DDEFB6}.Release|x86.ActiveCfg = Release|Any CPU
		{CCCB6C4F-87E0-48FA-B8BE-BD1949DDEFB6}.Release|x86.Build.0 = Release|Any CPU
		{A75A29B7-6D8B-4D3C-8AB1-1FE492DBEA57}.Debug|Any CPU.ActiveCfg = Debug|Any CPU
		{A75A29B7-6D8B-4D3C-8AB1-1FE492DBEA57}.Debug|Any CPU.Build.0 = Debug|Any CPU
		{A75A29B7-6D8B-4D3C-8AB1-1FE492DBEA57}.Debug|x64.ActiveCfg = Debug|Any CPU
		{A75A29B7-6D8B-4D3C-8AB1-1FE492DBEA57}.Debug|x64.Build.0 = Debug|Any CPU
		{A75A29B7-6D8B-4D3C-8AB1-1FE492DBEA57}.Debug|x86.ActiveCfg = Debug|Any CPU
		{A75A29B7-6D8B-4D3C-8AB1-1FE492DBEA57}.Debug|x86.Build.0 = Debug|Any CPU
		{A75A29B7-6D8B-4D3C-8AB1-1FE492DBEA57}.Release|Any CPU.ActiveCfg = Release|Any CPU
		{A75A29B7-6D8B-4D3C-8AB1-1FE492DBEA57}.Release|Any CPU.Build.0 = Release|Any CPU
		{A75A29B7-6D8B-4D3C-8AB1-1FE492DBEA57}.Release|x64.ActiveCfg = Release|Any CPU
		{A75A29B7-6D8B-4D3C-8AB1-1FE492DBEA57}.Release|x64.Build.0 = Release|Any CPU
		{A75A29B7-6D8B-4D3C-8AB1-1FE492DBEA57}.Release|x86.ActiveCfg = Release|Any CPU
		{A75A29B7-6D8B-4D3C-8AB1-1FE492DBEA57}.Release|x86.Build.0 = Release|Any CPU
		{6E781306-9050-4301-8D63-1073A01027DD}.Debug|Any CPU.ActiveCfg = Debug|Any CPU
		{6E781306-9050-4301-8D63-1073A01027DD}.Debug|Any CPU.Build.0 = Debug|Any CPU
		{6E781306-9050-4301-8D63-1073A01027DD}.Debug|x64.ActiveCfg = Debug|Any CPU
		{6E781306-9050-4301-8D63-1073A01027DD}.Debug|x64.Build.0 = Debug|Any CPU
		{6E781306-9050-4301-8D63-1073A01027DD}.Debug|x86.ActiveCfg = Debug|Any CPU
		{6E781306-9050-4301-8D63-1073A01027DD}.Debug|x86.Build.0 = Debug|Any CPU
		{6E781306-9050-4301-8D63-1073A01027DD}.Release|Any CPU.ActiveCfg = Release|Any CPU
		{6E781306-9050-4301-8D63-1073A01027DD}.Release|Any CPU.Build.0 = Release|Any CPU
		{6E781306-9050-4301-8D63-1073A01027DD}.Release|x64.ActiveCfg = Release|Any CPU
		{6E781306-9050-4301-8D63-1073A01027DD}.Release|x64.Build.0 = Release|Any CPU
		{6E781306-9050-4301-8D63-1073A01027DD}.Release|x86.ActiveCfg = Release|Any CPU
		{6E781306-9050-4301-8D63-1073A01027DD}.Release|x86.Build.0 = Release|Any CPU
		{592CA71E-8FE8-497D-981D-64046B216068}.Debug|Any CPU.ActiveCfg = Debug|Any CPU
		{592CA71E-8FE8-497D-981D-64046B216068}.Debug|Any CPU.Build.0 = Debug|Any CPU
		{592CA71E-8FE8-497D-981D-64046B216068}.Debug|x64.ActiveCfg = Debug|Any CPU
		{592CA71E-8FE8-497D-981D-64046B216068}.Debug|x64.Build.0 = Debug|Any CPU
		{592CA71E-8FE8-497D-981D-64046B216068}.Debug|x86.ActiveCfg = Debug|Any CPU
		{592CA71E-8FE8-497D-981D-64046B216068}.Debug|x86.Build.0 = Debug|Any CPU
		{592CA71E-8FE8-497D-981D-64046B216068}.Release|Any CPU.ActiveCfg = Release|Any CPU
		{592CA71E-8FE8-497D-981D-64046B216068}.Release|Any CPU.Build.0 = Release|Any CPU
		{592CA71E-8FE8-497D-981D-64046B216068}.Release|x64.ActiveCfg = Release|Any CPU
		{592CA71E-8FE8-497D-981D-64046B216068}.Release|x64.Build.0 = Release|Any CPU
		{592CA71E-8FE8-497D-981D-64046B216068}.Release|x86.ActiveCfg = Release|Any CPU
		{592CA71E-8FE8-497D-981D-64046B216068}.Release|x86.Build.0 = Release|Any CPU
		{67A9EE83-C26B-4374-9B44-8B1C8F8A2A29}.Debug|Any CPU.ActiveCfg = Debug|Any CPU
		{67A9EE83-C26B-4374-9B44-8B1C8F8A2A29}.Debug|Any CPU.Build.0 = Debug|Any CPU
		{67A9EE83-C26B-4374-9B44-8B1C8F8A2A29}.Debug|x64.ActiveCfg = Debug|Any CPU
		{67A9EE83-C26B-4374-9B44-8B1C8F8A2A29}.Debug|x64.Build.0 = Debug|Any CPU
		{67A9EE83-C26B-4374-9B44-8B1C8F8A2A29}.Debug|x86.ActiveCfg = Debug|Any CPU
		{67A9EE83-C26B-4374-9B44-8B1C8F8A2A29}.Debug|x86.Build.0 = Debug|Any CPU
		{67A9EE83-C26B-4374-9B44-8B1C8F8A2A29}.Release|Any CPU.ActiveCfg = Release|Any CPU
		{67A9EE83-C26B-4374-9B44-8B1C8F8A2A29}.Release|Any CPU.Build.0 = Release|Any CPU
		{67A9EE83-C26B-4374-9B44-8B1C8F8A2A29}.Release|x64.ActiveCfg = Release|Any CPU
		{67A9EE83-C26B-4374-9B44-8B1C8F8A2A29}.Release|x64.Build.0 = Release|Any CPU
		{67A9EE83-C26B-4374-9B44-8B1C8F8A2A29}.Release|x86.ActiveCfg = Release|Any CPU
		{67A9EE83-C26B-4374-9B44-8B1C8F8A2A29}.Release|x86.Build.0 = Release|Any CPU
		{362FAFF7-028F-43D1-AC65-3095D2B49550}.Debug|Any CPU.ActiveCfg = Debug|Any CPU
		{362FAFF7-028F-43D1-AC65-3095D2B49550}.Debug|Any CPU.Build.0 = Debug|Any CPU
		{362FAFF7-028F-43D1-AC65-3095D2B49550}.Debug|x64.ActiveCfg = Debug|Any CPU
		{362FAFF7-028F-43D1-AC65-3095D2B49550}.Debug|x64.Build.0 = Debug|Any CPU
		{362FAFF7-028F-43D1-AC65-3095D2B49550}.Debug|x86.ActiveCfg = Debug|Any CPU
		{362FAFF7-028F-43D1-AC65-3095D2B49550}.Debug|x86.Build.0 = Debug|Any CPU
		{362FAFF7-028F-43D1-AC65-3095D2B49550}.Release|Any CPU.ActiveCfg = Release|Any CPU
		{362FAFF7-028F-43D1-AC65-3095D2B49550}.Release|Any CPU.Build.0 = Release|Any CPU
		{362FAFF7-028F-43D1-AC65-3095D2B49550}.Release|x64.ActiveCfg = Release|Any CPU
		{362FAFF7-028F-43D1-AC65-3095D2B49550}.Release|x64.Build.0 = Release|Any CPU
		{362FAFF7-028F-43D1-AC65-3095D2B49550}.Release|x86.ActiveCfg = Release|Any CPU
		{362FAFF7-028F-43D1-AC65-3095D2B49550}.Release|x86.Build.0 = Release|Any CPU
		{E33B7270-4B4C-4A83-9956-2A0428974D63}.Debug|Any CPU.ActiveCfg = Debug|Any CPU
		{E33B7270-4B4C-4A83-9956-2A0428974D63}.Debug|Any CPU.Build.0 = Debug|Any CPU
		{E33B7270-4B4C-4A83-9956-2A0428974D63}.Debug|x64.ActiveCfg = Debug|Any CPU
		{E33B7270-4B4C-4A83-9956-2A0428974D63}.Debug|x64.Build.0 = Debug|Any CPU
		{E33B7270-4B4C-4A83-9956-2A0428974D63}.Debug|x86.ActiveCfg = Debug|Any CPU
		{E33B7270-4B4C-4A83-9956-2A0428974D63}.Debug|x86.Build.0 = Debug|Any CPU
		{E33B7270-4B4C-4A83-9956-2A0428974D63}.Release|Any CPU.ActiveCfg = Release|Any CPU
		{E33B7270-4B4C-4A83-9956-2A0428974D63}.Release|Any CPU.Build.0 = Release|Any CPU
		{E33B7270-4B4C-4A83-9956-2A0428974D63}.Release|x64.ActiveCfg = Release|Any CPU
		{E33B7270-4B4C-4A83-9956-2A0428974D63}.Release|x64.Build.0 = Release|Any CPU
		{E33B7270-4B4C-4A83-9956-2A0428974D63}.Release|x86.ActiveCfg = Release|Any CPU
		{E33B7270-4B4C-4A83-9956-2A0428974D63}.Release|x86.Build.0 = Release|Any CPU
	EndGlobalSection
	GlobalSection(SolutionProperties) = preSolution
		HideSolutionNode = FALSE
	EndGlobalSection
	GlobalSection(NestedProjects) = preSolution
		{6E781306-9050-4301-8D63-1073A01027DD} = {B86C0B4A-B572-61F7-11A8-5CC2E7D499BE}
		{592CA71E-8FE8-497D-981D-64046B216068} = {B86C0B4A-B572-61F7-11A8-5CC2E7D499BE}
		{E33B7270-4B4C-4A83-9956-2A0428974D63} = {B86C0B4A-B572-61F7-11A8-5CC2E7D499BE}
	EndGlobalSection
EndGlobal
