
Microsoft Visual Studio Solution File, Format Version 11.00
# Visual Studio 2010
Project("{FAE04EC0-301F-11D3-BF4B-00C04F79EFBC}") = "QuickAcid", "QuickAcid\QuickAcid.csproj", "{FF448AD4-E2FA-4CCA-99E9-5A7D307C44BB}"
EndProject
Project("{FAE04EC0-301F-11D3-BF4B-00C04F79EFBC}") = "QuickAcid.Tests", "QuickAcid.Tests\QuickAcid.Tests.csproj", "{94A6D870-BB4D-4235-922B-96F04B1B0DAC}"
EndProject
Project("{FAE04EC0-301F-11D3-BF4B-00C04F79EFBC}") = "QuickAcid.Examples", "QuickAcid.Examples\QuickAcid.Examples.csproj", "{996B4C68-2545-438A-BB64-721CF9C17C4E}"
EndProject
Global
	GlobalSection(SolutionConfigurationPlatforms) = preSolution
		Debug|Any CPU = Debug|Any CPU
		Release|Any CPU = Release|Any CPU
	EndGlobalSection
	GlobalSection(ProjectConfigurationPlatforms) = postSolution
		{FF448AD4-E2FA-4CCA-99E9-5A7D307C44BB}.Debug|Any CPU.ActiveCfg = Debug|Any CPU
		{FF448AD4-E2FA-4CCA-99E9-5A7D307C44BB}.Debug|Any CPU.Build.0 = Debug|Any CPU
		{FF448AD4-E2FA-4CCA-99E9-5A7D307C44BB}.Release|Any CPU.ActiveCfg = Release|Any CPU
		{FF448AD4-E2FA-4CCA-99E9-5A7D307C44BB}.Release|Any CPU.Build.0 = Release|Any CPU
		{94A6D870-BB4D-4235-922B-96F04B1B0DAC}.Debug|Any CPU.ActiveCfg = Debug|Any CPU
		{94A6D870-BB4D-4235-922B-96F04B1B0DAC}.Debug|Any CPU.Build.0 = Debug|Any CPU
		{94A6D870-BB4D-4235-922B-96F04B1B0DAC}.Release|Any CPU.ActiveCfg = Release|Any CPU
		{94A6D870-BB4D-4235-922B-96F04B1B0DAC}.Release|Any CPU.Build.0 = Release|Any CPU
		{996B4C68-2545-438A-BB64-721CF9C17C4E}.Debug|Any CPU.ActiveCfg = Debug|Any CPU
		{996B4C68-2545-438A-BB64-721CF9C17C4E}.Debug|Any CPU.Build.0 = Debug|Any CPU
		{996B4C68-2545-438A-BB64-721CF9C17C4E}.Release|Any CPU.ActiveCfg = Release|Any CPU
		{996B4C68-2545-438A-BB64-721CF9C17C4E}.Release|Any CPU.Build.0 = Release|Any CPU
	EndGlobalSection
	GlobalSection(SolutionProperties) = preSolution
		HideSolutionNode = FALSE
	EndGlobalSection
EndGlobal
