
Microsoft Visual Studio Solution File, Format Version 12.00
# Visual Studio Version 17
VisualStudioVersion = 17.0.31903.59
MinimumVisualStudioVersion = 10.0.40219.1
Project("{FAE04EC0-301F-11D3-BF4B-00C04F79EFBC}") = "QuickAcid", "QuickAcid\QuickAcid.csproj", "{85451F7A-F40C-4829-88F5-6AF4317D369A}"
EndProject
Project("{FAE04EC0-301F-11D3-BF4B-00C04F79EFBC}") = "QuickAcid.Tests", "QuickAcid.Tests\QuickAcid.Tests.csproj", "{84AD4077-770A-467C-9CA7-0C61641F78D7}"
EndProject
Project("{FAE04EC0-301F-11D3-BF4B-00C04F79EFBC}") = "QuickAcid.Examples", "QuickAcid.Examples\QuickAcid.Examples.csproj", "{122F8F6B-3BC6-49B6-850A-249248C74668}"
EndProject
Project("{FAE04EC0-301F-11D3-BF4B-00C04F79EFBC}") = "QuickAcid.TheFortyNiners", "QuickAcid.TheFortyNiners\QuickAcid.TheFortyNiners.csproj", "{AA95E35C-2439-446C-BADA-DD67B01C5E05}"
EndProject
Project("{FAE04EC0-301F-11D3-BF4B-00C04F79EFBC}") = "QuickAcid.TheFortyNiners.Tests", "QuickAcid.TheFortyNiners.Tests\QuickAcid.TheFortyNiners.Tests.csproj", "{79727837-0694-42E6-B2B9-9FEFBBA6B995}"
EndProject
Global
	GlobalSection(SolutionConfigurationPlatforms) = preSolution
		Debug|Any CPU = Debug|Any CPU
		Debug|x64 = Debug|x64
		Debug|x86 = Debug|x86
		Release|Any CPU = Release|Any CPU
		Release|x64 = Release|x64
		Release|x86 = Release|x86
	EndGlobalSection
	GlobalSection(ProjectConfigurationPlatforms) = postSolution
		{85451F7A-F40C-4829-88F5-6AF4317D369A}.Debug|Any CPU.ActiveCfg = Debug|Any CPU
		{85451F7A-F40C-4829-88F5-6AF4317D369A}.Debug|Any CPU.Build.0 = Debug|Any CPU
		{85451F7A-F40C-4829-88F5-6AF4317D369A}.Debug|x64.ActiveCfg = Debug|Any CPU
		{85451F7A-F40C-4829-88F5-6AF4317D369A}.Debug|x64.Build.0 = Debug|Any CPU
		{85451F7A-F40C-4829-88F5-6AF4317D369A}.Debug|x86.ActiveCfg = Debug|Any CPU
		{85451F7A-F40C-4829-88F5-6AF4317D369A}.Debug|x86.Build.0 = Debug|Any CPU
		{85451F7A-F40C-4829-88F5-6AF4317D369A}.Release|Any CPU.ActiveCfg = Release|Any CPU
		{85451F7A-F40C-4829-88F5-6AF4317D369A}.Release|Any CPU.Build.0 = Release|Any CPU
		{85451F7A-F40C-4829-88F5-6AF4317D369A}.Release|x64.ActiveCfg = Release|Any CPU
		{85451F7A-F40C-4829-88F5-6AF4317D369A}.Release|x64.Build.0 = Release|Any CPU
		{85451F7A-F40C-4829-88F5-6AF4317D369A}.Release|x86.ActiveCfg = Release|Any CPU
		{85451F7A-F40C-4829-88F5-6AF4317D369A}.Release|x86.Build.0 = Release|Any CPU
		{84AD4077-770A-467C-9CA7-0C61641F78D7}.Debug|Any CPU.ActiveCfg = Debug|Any CPU
		{84AD4077-770A-467C-9CA7-0C61641F78D7}.Debug|Any CPU.Build.0 = Debug|Any CPU
		{84AD4077-770A-467C-9CA7-0C61641F78D7}.Debug|x64.ActiveCfg = Debug|Any CPU
		{84AD4077-770A-467C-9CA7-0C61641F78D7}.Debug|x64.Build.0 = Debug|Any CPU
		{84AD4077-770A-467C-9CA7-0C61641F78D7}.Debug|x86.ActiveCfg = Debug|Any CPU
		{84AD4077-770A-467C-9CA7-0C61641F78D7}.Debug|x86.Build.0 = Debug|Any CPU
		{84AD4077-770A-467C-9CA7-0C61641F78D7}.Release|Any CPU.ActiveCfg = Release|Any CPU
		{84AD4077-770A-467C-9CA7-0C61641F78D7}.Release|Any CPU.Build.0 = Release|Any CPU
		{84AD4077-770A-467C-9CA7-0C61641F78D7}.Release|x64.ActiveCfg = Release|Any CPU
		{84AD4077-770A-467C-9CA7-0C61641F78D7}.Release|x64.Build.0 = Release|Any CPU
		{84AD4077-770A-467C-9CA7-0C61641F78D7}.Release|x86.ActiveCfg = Release|Any CPU
		{84AD4077-770A-467C-9CA7-0C61641F78D7}.Release|x86.Build.0 = Release|Any CPU
		{122F8F6B-3BC6-49B6-850A-249248C74668}.Debug|Any CPU.ActiveCfg = Debug|Any CPU
		{122F8F6B-3BC6-49B6-850A-249248C74668}.Debug|Any CPU.Build.0 = Debug|Any CPU
		{122F8F6B-3BC6-49B6-850A-249248C74668}.Debug|x64.ActiveCfg = Debug|Any CPU
		{122F8F6B-3BC6-49B6-850A-249248C74668}.Debug|x64.Build.0 = Debug|Any CPU
		{122F8F6B-3BC6-49B6-850A-249248C74668}.Debug|x86.ActiveCfg = Debug|Any CPU
		{122F8F6B-3BC6-49B6-850A-249248C74668}.Debug|x86.Build.0 = Debug|Any CPU
		{122F8F6B-3BC6-49B6-850A-249248C74668}.Release|Any CPU.ActiveCfg = Release|Any CPU
		{122F8F6B-3BC6-49B6-850A-249248C74668}.Release|Any CPU.Build.0 = Release|Any CPU
		{122F8F6B-3BC6-49B6-850A-249248C74668}.Release|x64.ActiveCfg = Release|Any CPU
		{122F8F6B-3BC6-49B6-850A-249248C74668}.Release|x64.Build.0 = Release|Any CPU
		{122F8F6B-3BC6-49B6-850A-249248C74668}.Release|x86.ActiveCfg = Release|Any CPU
		{122F8F6B-3BC6-49B6-850A-249248C74668}.Release|x86.Build.0 = Release|Any CPU
		{AA95E35C-2439-446C-BADA-DD67B01C5E05}.Debug|Any CPU.ActiveCfg = Debug|Any CPU
		{AA95E35C-2439-446C-BADA-DD67B01C5E05}.Debug|Any CPU.Build.0 = Debug|Any CPU
		{AA95E35C-2439-446C-BADA-DD67B01C5E05}.Debug|x64.ActiveCfg = Debug|Any CPU
		{AA95E35C-2439-446C-BADA-DD67B01C5E05}.Debug|x64.Build.0 = Debug|Any CPU
		{AA95E35C-2439-446C-BADA-DD67B01C5E05}.Debug|x86.ActiveCfg = Debug|Any CPU
		{AA95E35C-2439-446C-BADA-DD67B01C5E05}.Debug|x86.Build.0 = Debug|Any CPU
		{AA95E35C-2439-446C-BADA-DD67B01C5E05}.Release|Any CPU.ActiveCfg = Release|Any CPU
		{AA95E35C-2439-446C-BADA-DD67B01C5E05}.Release|Any CPU.Build.0 = Release|Any CPU
		{AA95E35C-2439-446C-BADA-DD67B01C5E05}.Release|x64.ActiveCfg = Release|Any CPU
		{AA95E35C-2439-446C-BADA-DD67B01C5E05}.Release|x64.Build.0 = Release|Any CPU
		{AA95E35C-2439-446C-BADA-DD67B01C5E05}.Release|x86.ActiveCfg = Release|Any CPU
		{AA95E35C-2439-446C-BADA-DD67B01C5E05}.Release|x86.Build.0 = Release|Any CPU
		{79727837-0694-42E6-B2B9-9FEFBBA6B995}.Debug|Any CPU.ActiveCfg = Debug|Any CPU
		{79727837-0694-42E6-B2B9-9FEFBBA6B995}.Debug|Any CPU.Build.0 = Debug|Any CPU
		{79727837-0694-42E6-B2B9-9FEFBBA6B995}.Debug|x64.ActiveCfg = Debug|Any CPU
		{79727837-0694-42E6-B2B9-9FEFBBA6B995}.Debug|x64.Build.0 = Debug|Any CPU
		{79727837-0694-42E6-B2B9-9FEFBBA6B995}.Debug|x86.ActiveCfg = Debug|Any CPU
		{79727837-0694-42E6-B2B9-9FEFBBA6B995}.Debug|x86.Build.0 = Debug|Any CPU
		{79727837-0694-42E6-B2B9-9FEFBBA6B995}.Release|Any CPU.ActiveCfg = Release|Any CPU
		{79727837-0694-42E6-B2B9-9FEFBBA6B995}.Release|Any CPU.Build.0 = Release|Any CPU
		{79727837-0694-42E6-B2B9-9FEFBBA6B995}.Release|x64.ActiveCfg = Release|Any CPU
		{79727837-0694-42E6-B2B9-9FEFBBA6B995}.Release|x64.Build.0 = Release|Any CPU
		{79727837-0694-42E6-B2B9-9FEFBBA6B995}.Release|x86.ActiveCfg = Release|Any CPU
		{79727837-0694-42E6-B2B9-9FEFBBA6B995}.Release|x86.Build.0 = Release|Any CPU
	EndGlobalSection
	GlobalSection(SolutionProperties) = preSolution
		HideSolutionNode = FALSE
	EndGlobalSection
EndGlobal
